PODS:
  - Flutter (1.0.0)
  - purchases_flutter (9.1.0):
    - Flutter
    - PurchasesHybridCommon (= 16.0.2)
  - PurchasesHybridCommon (16.0.2):
    - RevenueCat (= 5.33.1)
  - RevenueCat (5.33.1)

DEPENDENCIES:
  - Flutter (from `Flutter`)
  - purchases_flutter (from `.symlinks/plugins/purchases_flutter/ios`)

SPEC REPOS:
  trunk:
    - PurchasesHybridCommon
    - RevenueCat

EXTERNAL SOURCES:
  Flutter:
    :path: Flutter
  purchases_flutter:
    :path: ".symlinks/plugins/purchases_flutter/ios"

SPEC CHECKSUMS:
  Flutter: e0871f40cf51350855a761d2e70bf5af5b9b5de7
  purchases_flutter: 818eabac676b9037ac7692d4bc48a52a10b276be
  PurchasesHybridCommon: ae7a0a6e105ecdde3e8816a004e57f0a2a7b9261
  RevenueCat: b0ed01125b05a45b8264a2951ad68acb61942038

PODFILE CHECKSUM: 588e359dba5a61bfd2337b44fb0ff9f76afddf6a

COCOAPODS: 1.16.2
