PODS:
  - Flutter (1.0.0)
  - purchases_flutter (8.8.1):
    - Flutter
    - PurchasesHybridCommon (= 13.32.0)
  - PurchasesHybridCommon (13.32.0):
    - RevenueCat (= 5.24.0)
  - RevenueCat (5.24.0)

DEPENDENCIES:
  - Flutter (from `Flutter`)
  - purchases_flutter (from `.symlinks/plugins/purchases_flutter/ios`)

SPEC REPOS:
  trunk:
    - PurchasesHybridCommon
    - RevenueCat

EXTERNAL SOURCES:
  Flutter:
    :path: Flutter
  purchases_flutter:
    :path: ".symlinks/plugins/purchases_flutter/ios"

SPEC CHECKSUMS:
  Flutter: e0871f40cf51350855a761d2e70bf5af5b9b5de7
  purchases_flutter: 4cf57c17c62108103a549ebe12b28a0203f0cf55
  PurchasesHybridCommon: 662aa1f4769ff4ef594e35adf1a5d0ad7b3d08b7
  RevenueCat: 2d3639d30b8a71cbfe3d99cef8243c602793e0ec

PODFILE CHECKSUM: 588e359dba5a61bfd2337b44fb0ff9f76afddf6a

COCOAPODS: 1.16.2
