PODS:
  - Flutter (1.0.0)
  - purchases_flutter (9.2.1):
    - Flutter
    - PurchasesHybridCommon (= 16.2.2)
  - PurchasesHybridCommon (16.2.2):
    - RevenueCat (= 5.34.0)
  - RevenueCat (5.34.0)

DEPENDENCIES:
  - Flutter (from `Flutter`)
  - purchases_flutter (from `.symlinks/plugins/purchases_flutter/ios`)

SPEC REPOS:
  trunk:
    - PurchasesHybridCommon
    - RevenueCat

EXTERNAL SOURCES:
  Flutter:
    :path: Flutter
  purchases_flutter:
    :path: ".symlinks/plugins/purchases_flutter/ios"

SPEC CHECKSUMS:
  Flutter: e0871f40cf51350855a761d2e70bf5af5b9b5de7
  purchases_flutter: 2afe149ef849c3080e6f4792201d2fb12e7e5a52
  PurchasesHybridCommon: 62f852419aae7041792217593998f7ac3f8b567d
  RevenueCat: eb2aa042789d9c99ad5172bd96e28b96286d6ada

PODFILE CHECKSUM: 588e359dba5a61bfd2337b44fb0ff9f76afddf6a

COCOAPODS: 1.16.2
